
Microsoft Visual Studio Solution File, Format Version 12.00
# Visual Studio Version 16
VisualStudioVersion = 16.0.29905.134
MinimumVisualStudioVersion = 10.0.40219.1
Project("{2150E333-8FDC-42A3-9474-1A3956D46DE8}") = "Libraries", "Libraries", "{19EE3526-D1F9-4B16-8FA5-A512D5A46C6B}"
EndProject
Project("{2150E333-8FDC-42A3-9474-1A3956D46DE8}") = "Presentation", "Presentation", "{244D43C0-5B34-4054-B029-DCFC26142054}"
EndProject
Project("{2150E333-8FDC-42A3-9474-1A3956D46DE8}") = "Tests", "Tests", "{8542F4AC-888C-477A-A917-B7E19E099385}"
EndProject
Project("{9A19103F-16F7-4668-BE54-9A1E7A4F7556}") = "CrazyFramework.Infrastructure.Repos", "Infrastructure\CrazyFramework.Repos\CrazyFramework.Infrastructure.Repos.csproj", "{18368DF5-1302-47F3-ADEC-085058B0C4CB}"
EndProject
Project("{9A19103F-16F7-4668-BE54-9A1E7A4F7556}") = "CrazyFramework.SpaApp.Angular", "Presentation\CrazyFramework.SpaApp.Angular\CrazyFramework.SpaApp.Angular.csproj", "{4EC9CBB2-AEE5-4AA8-9E5E-A8011813996E}"
EndProject
Project("{9A19103F-16F7-4668-BE54-9A1E7A4F7556}") = "CrazyFramework.WebAPI", "Presentation\CrazyFramework.WebAPI\CrazyFramework.WebAPI.csproj", "{A88C6CA2-EE91-4299-BE7E-E0ED0F128290}"
EndProject
Project("{9A19103F-16F7-4668-BE54-9A1E7A4F7556}") = "CrazyFramework.Infrastructure.Repos.IntegrationTests", "Tests\CrazyFramework.Infrastructure.Repos.IntegrationTests\CrazyFramework.Infrastructure.Repos.IntegrationTests.csproj", "{A5760A2F-86CD-4DE2-8347-CAE17726688F}"
EndProject
Project("{9A19103F-16F7-4668-BE54-9A1E7A4F7556}") = "CrazyFramework.WebAPI.IntegrationTests", "Tests\CrazyFramework.WebAPI.IntegrationTests\CrazyFramework.WebAPI.IntegrationTests.csproj", "{06AA0F3C-F018-41A7-867D-384164894585}"
EndProject
Project("{9A19103F-16F7-4668-BE54-9A1E7A4F7556}") = "CrazyFramework.App", "CrazyFramework.App\CrazyFramework.App.csproj", "{D323BACF-24E4-46FB-97AE-49102824002C}"
EndProject
Project("{9A19103F-16F7-4668-BE54-9A1E7A4F7556}") = "CrazyFramework.App.UnitTests", "Tests\CrazyFramework.App.UnitTests\CrazyFramework.App.UnitTests.csproj", "{EACE1DB2-28B8-49AB-B623-1146489FE958}"
EndProject
Project("{2150E333-8FDC-42A3-9474-1A3956D46DE8}") = "SeperateProjectsUsingIdentityServer", "SeperateProjectsUsingIdentityServer", "{361A3BDF-0359-40C9-8EB9-64B240A8B03A}"
EndProject
Project("{2150E333-8FDC-42A3-9474-1A3956D46DE8}") = "SingleProjectUsingAspNetIdentity", "SingleProjectUsingAspNetIdentity", "{066D80EB-5839-4A31-869B-DC5F8931D206}"
EndProject
Project("{2150E333-8FDC-42A3-9474-1A3956D46DE8}") = "Modules", "Modules", "{10BA9D4E-8D2F-4A1C-BA79-71C89DA305C4}"
EndProject
Global
	GlobalSection(SolutionConfigurationPlatforms) = preSolution
		Debug|Any CPU = Debug|Any CPU
		Release|Any CPU = Release|Any CPU
	EndGlobalSection
	GlobalSection(ProjectConfigurationPlatforms) = postSolution
		{18368DF5-1302-47F3-ADEC-085058B0C4CB}.Debug|Any CPU.ActiveCfg = Debug|Any CPU
		{18368DF5-1302-47F3-ADEC-085058B0C4CB}.Debug|Any CPU.Build.0 = Debug|Any CPU
		{18368DF5-1302-47F3-ADEC-085058B0C4CB}.Release|Any CPU.ActiveCfg = Release|Any CPU
		{18368DF5-1302-47F3-ADEC-085058B0C4CB}.Release|Any CPU.Build.0 = Release|Any CPU
		{4EC9CBB2-AEE5-4AA8-9E5E-A8011813996E}.Debug|Any CPU.ActiveCfg = Debug|Any CPU
		{4EC9CBB2-AEE5-4AA8-9E5E-A8011813996E}.Debug|Any CPU.Build.0 = Debug|Any CPU
		{4EC9CBB2-AEE5-4AA8-9E5E-A8011813996E}.Release|Any CPU.ActiveCfg = Release|Any CPU
		{4EC9CBB2-AEE5-4AA8-9E5E-A8011813996E}.Release|Any CPU.Build.0 = Release|Any CPU
		{A88C6CA2-EE91-4299-BE7E-E0ED0F128290}.Debug|Any CPU.ActiveCfg = Debug|Any CPU
		{A88C6CA2-EE91-4299-BE7E-E0ED0F128290}.Debug|Any CPU.Build.0 = Debug|Any CPU
		{A88C6CA2-EE91-4299-BE7E-E0ED0F128290}.Release|Any CPU.ActiveCfg = Release|Any CPU
		{A88C6CA2-EE91-4299-BE7E-E0ED0F128290}.Release|Any CPU.Build.0 = Release|Any CPU
		{A5760A2F-86CD-4DE2-8347-CAE17726688F}.Debug|Any CPU.ActiveCfg = Debug|Any CPU
		{A5760A2F-86CD-4DE2-8347-CAE17726688F}.Debug|Any CPU.Build.0 = Debug|Any CPU
		{A5760A2F-86CD-4DE2-8347-CAE17726688F}.Release|Any CPU.ActiveCfg = Release|Any CPU
		{A5760A2F-86CD-4DE2-8347-CAE17726688F}.Release|Any CPU.Build.0 = Release|Any CPU
		{06AA0F3C-F018-41A7-867D-384164894585}.Debug|Any CPU.ActiveCfg = Debug|Any CPU
		{06AA0F3C-F018-41A7-867D-384164894585}.Debug|Any CPU.Build.0 = Debug|Any CPU
		{06AA0F3C-F018-41A7-867D-384164894585}.Release|Any CPU.ActiveCfg = Release|Any CPU
		{06AA0F3C-F018-41A7-867D-384164894585}.Release|Any CPU.Build.0 = Release|Any CPU
		{D323BACF-24E4-46FB-97AE-49102824002C}.Debug|Any CPU.ActiveCfg = Debug|Any CPU
		{D323BACF-24E4-46FB-97AE-49102824002C}.Debug|Any CPU.Build.0 = Debug|Any CPU
		{D323BACF-24E4-46FB-97AE-49102824002C}.Release|Any CPU.ActiveCfg = Release|Any CPU
		{D323BACF-24E4-46FB-97AE-49102824002C}.Release|Any CPU.Build.0 = Release|Any CPU
		{EACE1DB2-28B8-49AB-B623-1146489FE958}.Debug|Any CPU.ActiveCfg = Debug|Any CPU
		{EACE1DB2-28B8-49AB-B623-1146489FE958}.Debug|Any CPU.Build.0 = Debug|Any CPU
		{EACE1DB2-28B8-49AB-B623-1146489FE958}.Release|Any CPU.ActiveCfg = Release|Any CPU
		{EACE1DB2-28B8-49AB-B623-1146489FE958}.Release|Any CPU.Build.0 = Release|Any CPU
	EndGlobalSection
	GlobalSection(SolutionProperties) = preSolution
		HideSolutionNode = FALSE
	EndGlobalSection
	GlobalSection(NestedProjects) = preSolution
		{18368DF5-1302-47F3-ADEC-085058B0C4CB} = {19EE3526-D1F9-4B16-8FA5-A512D5A46C6B}
		{4EC9CBB2-AEE5-4AA8-9E5E-A8011813996E} = {361A3BDF-0359-40C9-8EB9-64B240A8B03A}
		{A88C6CA2-EE91-4299-BE7E-E0ED0F128290} = {361A3BDF-0359-40C9-8EB9-64B240A8B03A}
		{A5760A2F-86CD-4DE2-8347-CAE17726688F} = {8542F4AC-888C-477A-A917-B7E19E099385}
		{06AA0F3C-F018-41A7-867D-384164894585} = {8542F4AC-888C-477A-A917-B7E19E099385}
		{D323BACF-24E4-46FB-97AE-49102824002C} = {19EE3526-D1F9-4B16-8FA5-A512D5A46C6B}
		{EACE1DB2-28B8-49AB-B623-1146489FE958} = {8542F4AC-888C-477A-A917-B7E19E099385}
		{361A3BDF-0359-40C9-8EB9-64B240A8B03A} = {244D43C0-5B34-4054-B029-DCFC26142054}
		{066D80EB-5839-4A31-869B-DC5F8931D206} = {244D43C0-5B34-4054-B029-DCFC26142054}
	EndGlobalSection
	GlobalSection(ExtensibilityGlobals) = postSolution
		SolutionGuid = {5A3599B6-3015-4C65-BC0B-6D85BD941805}
	EndGlobalSection
EndGlobal
